
Microsoft Visual Studio Solution File, Format Version 12.00
# Visual Studio 2012
Project("{FAE04EC0-301F-11D3-BF4B-00C04F79EFBC}") = "TravelRecordApp.Android", "TravelRecordApp.Android\TravelRecordApp.Android.csproj", "{F45C6187-71FF-4D39-ABBE-05D7DCD311D9}"
EndProject
Project("{FAE04EC0-301F-11D3-BF4B-00C04F79EFBC}") = "TravelRecordApp.iOS", "TravelRecordApp.iOS\TravelRecordApp.iOS.csproj", "{80719DCC-C864-4CA7-97C0-16506FCCF30A}"
EndProject
Project("{FAE04EC0-301F-11D3-BF4B-00C04F79EFBC}") = "TravelRecordApp", "TravelRecordApp\TravelRecordApp.csproj", "{450A7B29-1D15-466D-A221-B42CB1CE3534}"
EndProject
Global
	GlobalSection(SolutionConfigurationPlatforms) = preSolution
		Debug|Any CPU = Debug|Any CPU
		Release|Any CPU = Release|Any CPU
		Debug|iPhoneSimulator = Debug|iPhoneSimulator
		Release|iPhoneSimulator = Release|iPhoneSimulator
		Debug|iPhone = Debug|iPhone
		Release|iPhone = Release|iPhone
		Ad-Hoc|iPhone = Ad-Hoc|iPhone
		AppStore|iPhone = AppStore|iPhone
	EndGlobalSection
	GlobalSection(ProjectConfigurationPlatforms) = postSolution
		{F45C6187-71FF-4D39-ABBE-05D7DCD311D9}.Debug|Any CPU.ActiveCfg = Debug|Any CPU
		{F45C6187-71FF-4D39-ABBE-05D7DCD311D9}.Debug|Any CPU.Build.0 = Debug|Any CPU
		{F45C6187-71FF-4D39-ABBE-05D7DCD311D9}.Release|Any CPU.ActiveCfg = Release|Any CPU
		{F45C6187-71FF-4D39-ABBE-05D7DCD311D9}.Release|Any CPU.Build.0 = Release|Any CPU
		{F45C6187-71FF-4D39-ABBE-05D7DCD311D9}.Debug|iPhoneSimulator.ActiveCfg = Debug|Any CPU
		{F45C6187-71FF-4D39-ABBE-05D7DCD311D9}.Debug|iPhoneSimulator.Build.0 = Debug|Any CPU
		{F45C6187-71FF-4D39-ABBE-05D7DCD311D9}.Release|iPhoneSimulator.ActiveCfg = Release|Any CPU
		{F45C6187-71FF-4D39-ABBE-05D7DCD311D9}.Release|iPhoneSimulator.Build.0 = Release|Any CPU
		{F45C6187-71FF-4D39-ABBE-05D7DCD311D9}.Debug|iPhone.ActiveCfg = Debug|Any CPU
		{F45C6187-71FF-4D39-ABBE-05D7DCD311D9}.Debug|iPhone.Build.0 = Debug|Any CPU
		{F45C6187-71FF-4D39-ABBE-05D7DCD311D9}.Release|iPhone.ActiveCfg = Release|Any CPU
		{F45C6187-71FF-4D39-ABBE-05D7DCD311D9}.Release|iPhone.Build.0 = Release|Any CPU
		{F45C6187-71FF-4D39-ABBE-05D7DCD311D9}.Ad-Hoc|iPhone.ActiveCfg = Debug|Any CPU
		{F45C6187-71FF-4D39-ABBE-05D7DCD311D9}.Ad-Hoc|iPhone.Build.0 = Debug|Any CPU
		{F45C6187-71FF-4D39-ABBE-05D7DCD311D9}.AppStore|iPhone.ActiveCfg = Debug|Any CPU
		{F45C6187-71FF-4D39-ABBE-05D7DCD311D9}.AppStore|iPhone.Build.0 = Debug|Any CPU
		{80719DCC-C864-4CA7-97C0-16506FCCF30A}.Debug|Any CPU.ActiveCfg = Debug|iPhoneSimulator
		{80719DCC-C864-4CA7-97C0-16506FCCF30A}.Debug|Any CPU.Build.0 = Debug|iPhoneSimulator
		{80719DCC-C864-4CA7-97C0-16506FCCF30A}.Release|Any CPU.ActiveCfg = Release|iPhoneSimulator
		{80719DCC-C864-4CA7-97C0-16506FCCF30A}.Release|Any CPU.Build.0 = Release|iPhoneSimulator
		{80719DCC-C864-4CA7-97C0-16506FCCF30A}.Debug|iPhoneSimulator.ActiveCfg = Debug|iPhoneSimulator
		{80719DCC-C864-4CA7-97C0-16506FCCF30A}.Debug|iPhoneSimulator.Build.0 = Debug|iPhoneSimulator
		{80719DCC-C864-4CA7-97C0-16506FCCF30A}.Release|iPhoneSimulator.ActiveCfg = Release|iPhoneSimulator
		{80719DCC-C864-4CA7-97C0-16506FCCF30A}.Release|iPhoneSimulator.Build.0 = Release|iPhoneSimulator
		{80719DCC-C864-4CA7-97C0-16506FCCF30A}.Debug|iPhone.ActiveCfg = Debug|iPhone
		{80719DCC-C864-4CA7-97C0-16506FCCF30A}.Debug|iPhone.Build.0 = Debug|iPhone
		{80719DCC-C864-4CA7-97C0-16506FCCF30A}.Release|iPhone.ActiveCfg = Release|iPhone
		{80719DCC-C864-4CA7-97C0-16506FCCF30A}.Release|iPhone.Build.0 = Release|iPhone
		{80719DCC-C864-4CA7-97C0-16506FCCF30A}.Ad-Hoc|iPhone.ActiveCfg = Ad-Hoc|iPhone
		{80719DCC-C864-4CA7-97C0-16506FCCF30A}.Ad-Hoc|iPhone.Build.0 = Ad-Hoc|iPhone
		{80719DCC-C864-4CA7-97C0-16506FCCF30A}.AppStore|iPhone.ActiveCfg = AppStore|iPhone
		{80719DCC-C864-4CA7-97C0-16506FCCF30A}.AppStore|iPhone.Build.0 = AppStore|iPhone
		{450A7B29-1D15-466D-A221-B42CB1CE3534}.Debug|Any CPU.ActiveCfg = Debug|Any CPU
		{450A7B29-1D15-466D-A221-B42CB1CE3534}.Debug|Any CPU.Build.0 = Debug|Any CPU
		{450A7B29-1D15-466D-A221-B42CB1CE3534}.Release|Any CPU.ActiveCfg = Release|Any CPU
		{450A7B29-1D15-466D-A221-B42CB1CE3534}.Release|Any CPU.Build.0 = Release|Any CPU
		{450A7B29-1D15-466D-A221-B42CB1CE3534}.Debug|iPhoneSimulator.ActiveCfg = Debug|Any CPU
		{450A7B29-1D15-466D-A221-B42CB1CE3534}.Debug|iPhoneSimulator.Build.0 = Debug|Any CPU
		{450A7B29-1D15-466D-A221-B42CB1CE3534}.Release|iPhoneSimulator.ActiveCfg = Release|Any CPU
		{450A7B29-1D15-466D-A221-B42CB1CE3534}.Release|iPhoneSimulator.Build.0 = Release|Any CPU
		{450A7B29-1D15-466D-A221-B42CB1CE3534}.Debug|iPhone.ActiveCfg = Debug|Any CPU
		{450A7B29-1D15-466D-A221-B42CB1CE3534}.Debug|iPhone.Build.0 = Debug|Any CPU
		{450A7B29-1D15-466D-A221-B42CB1CE3534}.Release|iPhone.ActiveCfg = Release|Any CPU
		{450A7B29-1D15-466D-A221-B42CB1CE3534}.Release|iPhone.Build.0 = Release|Any CPU
		{450A7B29-1D15-466D-A221-B42CB1CE3534}.Ad-Hoc|iPhone.ActiveCfg = Debug|Any CPU
		{450A7B29-1D15-466D-A221-B42CB1CE3534}.Ad-Hoc|iPhone.Build.0 = Debug|Any CPU
		{450A7B29-1D15-466D-A221-B42CB1CE3534}.AppStore|iPhone.ActiveCfg = Debug|Any CPU
		{450A7B29-1D15-466D-A221-B42CB1CE3534}.AppStore|iPhone.Build.0 = Debug|Any CPU
	EndGlobalSection
EndGlobal
